Microsoft Visual Studio Solution File, Format Version 12.00
# Visual Studio 15
VisualStudioVersion = 15.0.28307.106
MinimumVisualStudioVersion = 10.0.40219.1
Project("{9A19103F-16F7-4668-BE54-9A1E7A4F7556}") = "SupportWidgetXF", "SupportWidgetXF\SupportWidgetXF.csproj", "{D0A49A90-9968-4A18-B2C6-F36559B85C50}"
EndProject
Project("{FAE04EC0-301F-11D3-BF4B-00C04F79EFBC}") = "SupportWidgetXF.iOS", "SupportWidgetXF.iOS\SupportWidgetXF.iOS.csproj", "{A2AA602C-302A-492B-99AB-FFC9CD300FE4}"
EndProject
Project("{FAE04EC0-301F-11D3-BF4B-00C04F79EFBC}") = "DemoWidget.Android", "DemoWidget.Android\DemoWidget.Android.csproj", "{43030126-25D4-4F24-8A14-43420733C604}"
EndProject
Project("{FAE04EC0-301F-11D3-BF4B-00C04F79EFBC}") = "DemoWidget.iOS", "DemoWidget.iOS\DemoWidget.iOS.csproj", "{F83F2953-BE38-4E3C-97A2-8ACB0CF17A15}"
EndProject
Project("{9A19103F-16F7-4668-BE54-9A1E7A4F7556}") = "DemoWidget", "DemoWidget\DemoWidget.csproj", "{F74774E9-912D-4673-8A0B-F5E08626C4E5}"
EndProject
Project("{2150E333-8FDC-42A3-9474-1A3956D46DE8}") = "Library", "Library", "{8049FDBA-8B8D-4C4E-A91A-AA6C393BDD91}"
EndProject
Project("{2150E333-8FDC-42A3-9474-1A3956D46DE8}") = "DemoAPP", "DemoAPP", "{5797D35F-CCC3-42AD-9CB6-6632CDCEA126}"
EndProject
Project("{FAE04EC0-301F-11D3-BF4B-00C04F79EFBC}") = "SupportWidgetXF.Droid", "SupportWidgetXF.Droid\SupportWidgetXF.Droid.csproj", "{4DC62E1E-F071-4147-9EFD-78D5D06D5E0A}"
EndProject
Project("{5DD5E4FA-CB73-4610-85AB-557B54E96AA9}") = "SupportWidgetXF.Nuget", "SupportWidgetXF.Nuget\SupportWidgetXF.Nuget.nuproj", "{D17EC992-BF78-4BFE-AACB-2E1A38A499F8}"
EndProject
Global
	GlobalSection(SolutionConfigurationPlatforms) = preSolution
		Ad-Hoc|Any CPU = Ad-Hoc|Any CPU
		Ad-Hoc|iPhone = Ad-Hoc|iPhone
		Ad-Hoc|iPhoneSimulator = Ad-Hoc|iPhoneSimulator
		AppStore|Any CPU = AppStore|Any CPU
		AppStore|iPhone = AppStore|iPhone
		AppStore|iPhoneSimulator = AppStore|iPhoneSimulator
		Debug|Any CPU = Debug|Any CPU
		Debug|iPhone = Debug|iPhone
		Debug|iPhoneSimulator = Debug|iPhoneSimulator
		Release|Any CPU = Release|Any CPU
		Release|iPhone = Release|iPhone
		Release|iPhoneSimulator = Release|iPhoneSimulator
	EndGlobalSection
	GlobalSection(ProjectConfigurationPlatforms) = postSolution
		{D0A49A90-9968-4A18-B2C6-F36559B85C50}.Ad-Hoc|Any CPU.ActiveCfg = Release|Any CPU
		{D0A49A90-9968-4A18-B2C6-F36559B85C50}.Ad-Hoc|Any CPU.Build.0 = Release|Any CPU
		{D0A49A90-9968-4A18-B2C6-F36559B85C50}.Ad-Hoc|iPhone.ActiveCfg = Debug|Any CPU
		{D0A49A90-9968-4A18-B2C6-F36559B85C50}.Ad-Hoc|iPhone.Build.0 = Debug|Any CPU
		{D0A49A90-9968-4A18-B2C6-F36559B85C50}.Ad-Hoc|iPhoneSimulator.ActiveCfg = Release|Any CPU
		{D0A49A90-9968-4A18-B2C6-F36559B85C50}.Ad-Hoc|iPhoneSimulator.Build.0 = Release|Any CPU
		{D0A49A90-9968-4A18-B2C6-F36559B85C50}.AppStore|Any CPU.ActiveCfg = Release|Any CPU
		{D0A49A90-9968-4A18-B2C6-F36559B85C50}.AppStore|Any CPU.Build.0 = Release|Any CPU
		{D0A49A90-9968-4A18-B2C6-F36559B85C50}.AppStore|iPhone.ActiveCfg = Debug|Any CPU
		{D0A49A90-9968-4A18-B2C6-F36559B85C50}.AppStore|iPhone.Build.0 = Debug|Any CPU
		{D0A49A90-9968-4A18-B2C6-F36559B85C50}.AppStore|iPhoneSimulator.ActiveCfg = Release|Any CPU
		{D0A49A90-9968-4A18-B2C6-F36559B85C50}.AppStore|iPhoneSimulator.Build.0 = Release|Any CPU
		{D0A49A90-9968-4A18-B2C6-F36559B85C50}.Debug|Any CPU.ActiveCfg = Debug|Any CPU
		{D0A49A90-9968-4A18-B2C6-F36559B85C50}.Debug|Any CPU.Build.0 = Debug|Any CPU
		{D0A49A90-9968-4A18-B2C6-F36559B85C50}.Debug|iPhone.ActiveCfg = Debug|Any CPU
		{D0A49A90-9968-4A18-B2C6-F36559B85C50}.Debug|iPhone.Build.0 = Debug|Any CPU
		{D0A49A90-9968-4A18-B2C6-F36559B85C50}.Debug|iPhoneSimulator.ActiveCfg = Debug|Any CPU
		{D0A49A90-9968-4A18-B2C6-F36559B85C50}.Debug|iPhoneSimulator.Build.0 = Debug|Any CPU
		{D0A49A90-9968-4A18-B2C6-F36559B85C50}.Release|Any CPU.ActiveCfg = Release|Any CPU
		{D0A49A90-9968-4A18-B2C6-F36559B85C50}.Release|Any CPU.Build.0 = Release|Any CPU
		{D0A49A90-9968-4A18-B2C6-F36559B85C50}.Release|iPhone.ActiveCfg = Release|Any CPU
		{D0A49A90-9968-4A18-B2C6-F36559B85C50}.Release|iPhone.Build.0 = Release|Any CPU
		{D0A49A90-9968-4A18-B2C6-F36559B85C50}.Release|iPhoneSimulator.ActiveCfg = Release|Any CPU
		{D0A49A90-9968-4A18-B2C6-F36559B85C50}.Release|iPhoneSimulator.Build.0 = Release|Any CPU
		{A2AA602C-302A-492B-99AB-FFC9CD300FE4}.Ad-Hoc|Any CPU.ActiveCfg = Release|Any CPU
		{A2AA602C-302A-492B-99AB-FFC9CD300FE4}.Ad-Hoc|Any CPU.Build.0 = Release|Any CPU
		{A2AA602C-302A-492B-99AB-FFC9CD300FE4}.Ad-Hoc|iPhone.ActiveCfg = Debug|Any CPU
		{A2AA602C-302A-492B-99AB-FFC9CD300FE4}.Ad-Hoc|iPhone.Build.0 = Debug|Any CPU
		{A2AA602C-302A-492B-99AB-FFC9CD300FE4}.Ad-Hoc|iPhoneSimulator.ActiveCfg = Release|Any CPU
		{A2AA602C-302A-492B-99AB-FFC9CD300FE4}.Ad-Hoc|iPhoneSimulator.Build.0 = Release|Any CPU
		{A2AA602C-302A-492B-99AB-FFC9CD300FE4}.AppStore|Any CPU.ActiveCfg = Release|Any CPU
		{A2AA602C-302A-492B-99AB-FFC9CD300FE4}.AppStore|Any CPU.Build.0 = Release|Any CPU
		{A2AA602C-302A-492B-99AB-FFC9CD300FE4}.AppStore|iPhone.ActiveCfg = Debug|Any CPU
		{A2AA602C-302A-492B-99AB-FFC9CD300FE4}.AppStore|iPhone.Build.0 = Debug|Any CPU
		{A2AA602C-302A-492B-99AB-FFC9CD300FE4}.AppStore|iPhoneSimulator.ActiveCfg = Release|Any CPU
		{A2AA602C-302A-492B-99AB-FFC9CD300FE4}.AppStore|iPhoneSimulator.Build.0 = Release|Any CPU
		{A2AA602C-302A-492B-99AB-FFC9CD300FE4}.Debug|Any CPU.ActiveCfg = Debug|Any CPU
		{A2AA602C-302A-492B-99AB-FFC9CD300FE4}.Debug|Any CPU.Build.0 = Debug|Any CPU
		{A2AA602C-302A-492B-99AB-FFC9CD300FE4}.Debug|iPhone.ActiveCfg = Debug|Any CPU
		{A2AA602C-302A-492B-99AB-FFC9CD300FE4}.Debug|iPhone.Build.0 = Debug|Any CPU
		{A2AA602C-302A-492B-99AB-FFC9CD300FE4}.Debug|iPhoneSimulator.ActiveCfg = Debug|Any CPU
		{A2AA602C-302A-492B-99AB-FFC9CD300FE4}.Debug|iPhoneSimulator.Build.0 = Debug|Any CPU
		{A2AA602C-302A-492B-99AB-FFC9CD300FE4}.Release|Any CPU.ActiveCfg = Release|Any CPU
		{A2AA602C-302A-492B-99AB-FFC9CD300FE4}.Release|Any CPU.Build.0 = Release|Any CPU
		{A2AA602C-302A-492B-99AB-FFC9CD300FE4}.Release|iPhone.ActiveCfg = Release|Any CPU
		{A2AA602C-302A-492B-99AB-FFC9CD300FE4}.Release|iPhone.Build.0 = Release|Any CPU
		{A2AA602C-302A-492B-99AB-FFC9CD300FE4}.Release|iPhoneSimulator.ActiveCfg = Release|Any CPU
		{A2AA602C-302A-492B-99AB-FFC9CD300FE4}.Release|iPhoneSimulator.Build.0 = Release|Any CPU
		{43030126-25D4-4F24-8A14-43420733C604}.Ad-Hoc|Any CPU.ActiveCfg = Release|Any CPU
		{43030126-25D4-4F24-8A14-43420733C604}.Ad-Hoc|Any CPU.Build.0 = Release|Any CPU
		{43030126-25D4-4F24-8A14-43420733C604}.Ad-Hoc|Any CPU.Deploy.0 = Release|Any CPU
		{43030126-25D4-4F24-8A14-43420733C604}.Ad-Hoc|iPhone.ActiveCfg = Debug|Any CPU
		{43030126-25D4-4F24-8A14-43420733C604}.Ad-Hoc|iPhone.Build.0 = Debug|Any CPU
		{43030126-25D4-4F24-8A14-43420733C604}.Ad-Hoc|iPhoneSimulator.ActiveCfg = Release|Any CPU
		{43030126-25D4-4F24-8A14-43420733C604}.Ad-Hoc|iPhoneSimulator.Build.0 = Release|Any CPU
		{43030126-25D4-4F24-8A14-43420733C604}.Ad-Hoc|iPhoneSimulator.Deploy.0 = Release|Any CPU
		{43030126-25D4-4F24-8A14-43420733C604}.AppStore|Any CPU.ActiveCfg = Release|Any CPU
		{43030126-25D4-4F24-8A14-43420733C604}.AppStore|Any CPU.Build.0 = Release|Any CPU
		{43030126-25D4-4F24-8A14-43420733C604}.AppStore|Any CPU.Deploy.0 = Release|Any CPU
		{43030126-25D4-4F24-8A14-43420733C604}.AppStore|iPhone.ActiveCfg = Debug|Any CPU
		{43030126-25D4-4F24-8A14-43420733C604}.AppStore|iPhone.Build.0 = Debug|Any CPU
		{43030126-25D4-4F24-8A14-43420733C604}.AppStore|iPhoneSimulator.ActiveCfg = Release|Any CPU
		{43030126-25D4-4F24-8A14-43420733C604}.AppStore|iPhoneSimulator.Build.0 = Release|Any CPU
		{43030126-25D4-4F24-8A14-43420733C604}.AppStore|iPhoneSimulator.Deploy.0 = Release|Any CPU
		{43030126-25D4-4F24-8A14-43420733C604}.Debug|Any CPU.ActiveCfg = Debug|Any CPU
		{43030126-25D4-4F24-8A14-43420733C604}.Debug|Any CPU.Build.0 = Debug|Any CPU
		{43030126-25D4-4F24-8A14-43420733C604}.Debug|iPhone.ActiveCfg = Debug|Any CPU
		{43030126-25D4-4F24-8A14-43420733C604}.Debug|iPhone.Build.0 = Debug|Any CPU
		{43030126-25D4-4F24-8A14-43420733C604}.Debug|iPhoneSimulator.ActiveCfg = Debug|Any CPU
		{43030126-25D4-4F24-8A14-43420733C604}.Debug|iPhoneSimulator.Build.0 = Debug|Any CPU
		{43030126-25D4-4F24-8A14-43420733C604}.Release|Any CPU.ActiveCfg = Release|Any CPU
		{43030126-25D4-4F24-8A14-43420733C604}.Release|Any CPU.Build.0 = Release|Any CPU
		{43030126-25D4-4F24-8A14-43420733C604}.Release|iPhone.ActiveCfg = Release|Any CPU
		{43030126-25D4-4F24-8A14-43420733C604}.Release|iPhone.Build.0 = Release|Any CPU
		{43030126-25D4-4F24-8A14-43420733C604}.Release|iPhoneSimulator.ActiveCfg = Release|Any CPU
		{43030126-25D4-4F24-8A14-43420733C604}.Release|iPhoneSimulator.Build.0 = Release|Any CPU
		{F83F2953-BE38-4E3C-97A2-8ACB0CF17A15}.Ad-Hoc|Any CPU.ActiveCfg = Ad-Hoc|iPhoneSimulator
		{F83F2953-BE38-4E3C-97A2-8ACB0CF17A15}.Ad-Hoc|iPhone.ActiveCfg = Ad-Hoc|iPhone
		{F83F2953-BE38-4E3C-97A2-8ACB0CF17A15}.Ad-Hoc|iPhone.Build.0 = Ad-Hoc|iPhone
		{F83F2953-BE38-4E3C-97A2-8ACB0CF17A15}.Ad-Hoc|iPhoneSimulator.ActiveCfg = Ad-Hoc|iPhoneSimulator
		{F83F2953-BE38-4E3C-97A2-8ACB0CF17A15}.Ad-Hoc|iPhoneSimulator.Build.0 = Ad-Hoc|iPhoneSimulator
		{F83F2953-BE38-4E3C-97A2-8ACB0CF17A15}.AppStore|Any CPU.ActiveCfg = AppStore|iPhoneSimulator
		{F83F2953-BE38-4E3C-97A2-8ACB0CF17A15}.AppStore|iPhone.ActiveCfg = AppStore|iPhone
		{F83F2953-BE38-4E3C-97A2-8ACB0CF17A15}.AppStore|iPhone.Build.0 = AppStore|iPhone
		{F83F2953-BE38-4E3C-97A2-8ACB0CF17A15}.AppStore|iPhoneSimulator.ActiveCfg = AppStore|iPhoneSimulator
		{F83F2953-BE38-4E3C-97A2-8ACB0CF17A15}.AppStore|iPhoneSimulator.Build.0 = AppStore|iPhoneSimulator
		{F83F2953-BE38-4E3C-97A2-8ACB0CF17A15}.Debug|Any CPU.ActiveCfg = Debug|iPhoneSimulator
		{F83F2953-BE38-4E3C-97A2-8ACB0CF17A15}.Debug|Any CPU.Build.0 = Debug|iPhoneSimulator
		{F83F2953-BE38-4E3C-97A2-8ACB0CF17A15}.Debug|iPhone.ActiveCfg = Debug|iPhone
		{F83F2953-BE38-4E3C-97A2-8ACB0CF17A15}.Debug|iPhone.Build.0 = Debug|iPhone
		{F83F2953-BE38-4E3C-97A2-8ACB0CF17A15}.Debug|iPhoneSimulator.ActiveCfg = Debug|iPhoneSimulator
		{F83F2953-BE38-4E3C-97A2-8ACB0CF17A15}.Debug|iPhoneSimulator.Build.0 = Debug|iPhoneSimulator
		{F83F2953-BE38-4E3C-97A2-8ACB0CF17A15}.Release|Any CPU.ActiveCfg = Release|iPhoneSimulator
		{F83F2953-BE38-4E3C-97A2-8ACB0CF17A15}.Release|Any CPU.Build.0 = Release|iPhoneSimulator
		{F83F2953-BE38-4E3C-97A2-8ACB0CF17A15}.Release|iPhone.ActiveCfg = Release|iPhone
		{F83F2953-BE38-4E3C-97A2-8ACB0CF17A15}.Release|iPhone.Build.0 = Release|iPhone
		{F83F2953-BE38-4E3C-97A2-8ACB0CF17A15}.Release|iPhoneSimulator.ActiveCfg = Release|iPhoneSimulator
		{F83F2953-BE38-4E3C-97A2-8ACB0CF17A15}.Release|iPhoneSimulator.Build.0 = Release|iPhoneSimulator
		{F74774E9-912D-4673-8A0B-F5E08626C4E5}.Ad-Hoc|Any CPU.ActiveCfg = Release|Any CPU
		{F74774E9-912D-4673-8A0B-F5E08626C4E5}.Ad-Hoc|Any CPU.Build.0 = Release|Any CPU
		{F74774E9-912D-4673-8A0B-F5E08626C4E5}.Ad-Hoc|iPhone.ActiveCfg = Debug|Any CPU
		{F74774E9-912D-4673-8A0B-F5E08626C4E5}.Ad-Hoc|iPhone.Build.0 = Debug|Any CPU
		{F74774E9-912D-4673-8A0B-F5E08626C4E5}.Ad-Hoc|iPhoneSimulator.ActiveCfg = Release|Any CPU
		{F74774E9-912D-4673-8A0B-F5E08626C4E5}.Ad-Hoc|iPhoneSimulator.Build.0 = Release|Any CPU
		{F74774E9-912D-4673-8A0B-F5E08626C4E5}.AppStore|Any CPU.ActiveCfg = Release|Any CPU
		{F74774E9-912D-4673-8A0B-F5E08626C4E5}.AppStore|Any CPU.Build.0 = Release|Any CPU
		{F74774E9-912D-4673-8A0B-F5E08626C4E5}.AppStore|iPhone.ActiveCfg = Debug|Any CPU
		{F74774E9-912D-4673-8A0B-F5E08626C4E5}.AppStore|iPhone.Build.0 = Debug|Any CPU
		{F74774E9-912D-4673-8A0B-F5E08626C4E5}.AppStore|iPhoneSimulator.ActiveCfg = Release|Any CPU
		{F74774E9-912D-4673-8A0B-F5E08626C4E5}.AppStore|iPhoneSimulator.Build.0 = Release|Any CPU
		{F74774E9-912D-4673-8A0B-F5E08626C4E5}.Debug|Any CPU.ActiveCfg = Debug|Any CPU
		{F74774E9-912D-4673-8A0B-F5E08626C4E5}.Debug|Any CPU.Build.0 = Debug|Any CPU
		{F74774E9-912D-4673-8A0B-F5E08626C4E5}.Debug|iPhone.ActiveCfg = Debug|Any CPU
		{F74774E9-912D-4673-8A0B-F5E08626C4E5}.Debug|iPhone.Build.0 = Debug|Any CPU
		{F74774E9-912D-4673-8A0B-F5E08626C4E5}.Debug|iPhoneSimulator.ActiveCfg = Debug|Any CPU
		{F74774E9-912D-4673-8A0B-F5E08626C4E5}.Debug|iPhoneSimulator.Build.0 = Debug|Any CPU
		{F74774E9-912D-4673-8A0B-F5E08626C4E5}.Release|Any CPU.ActiveCfg = Release|Any CPU
		{F74774E9-912D-4673-8A0B-F5E08626C4E5}.Release|Any CPU.Build.0 = Release|Any CPU
		{F74774E9-912D-4673-8A0B-F5E08626C4E5}.Release|iPhone.ActiveCfg = Release|Any CPU
		{F74774E9-912D-4673-8A0B-F5E08626C4E5}.Release|iPhone.Build.0 = Release|Any CPU
		{F74774E9-912D-4673-8A0B-F5E08626C4E5}.Release|iPhoneSimulator.ActiveCfg = Release|Any CPU
		{F74774E9-912D-4673-8A0B-F5E08626C4E5}.Release|iPhoneSimulator.Build.0 = Release|Any CPU
		{4DC62E1E-F071-4147-9EFD-78D5D06D5E0A}.Ad-Hoc|Any CPU.ActiveCfg = Debug|Any CPU
		{4DC62E1E-F071-4147-9EFD-78D5D06D5E0A}.Ad-Hoc|Any CPU.Build.0 = Debug|Any CPU
		{4DC62E1E-F071-4147-9EFD-78D5D06D5E0A}.Ad-Hoc|iPhone.ActiveCfg = Release|Any CPU
		{4DC62E1E-F071-4147-9EFD-78D5D06D5E0A}.Ad-Hoc|iPhone.Build.0 = Release|Any CPU
		{4DC62E1E-F071-4147-9EFD-78D5D06D5E0A}.Ad-Hoc|iPhoneSimulator.ActiveCfg = Debug|Any CPU
		{4DC62E1E-F071-4147-9EFD-78D5D06D5E0A}.Ad-Hoc|iPhoneSimulator.Build.0 = Debug|Any CPU
		{4DC62E1E-F071-4147-9EFD-78D5D06D5E0A}.AppStore|Any CPU.ActiveCfg = Debug|Any CPU
		{4DC62E1E-F071-4147-9EFD-78D5D06D5E0A}.AppStore|Any CPU.Build.0 = Debug|Any CPU
		{4DC62E1E-F071-4147-9EFD-78D5D06D5E0A}.AppStore|iPhone.ActiveCfg = Release|Any CPU
		{4DC62E1E-F071-4147-9EFD-78D5D06D5E0A}.AppStore|iPhone.Build.0 = Release|Any CPU
		{4DC62E1E-F071-4147-9EFD-78D5D06D5E0A}.AppStore|iPhoneSimulator.ActiveCfg = Debug|Any CPU
		{4DC62E1E-F071-4147-9EFD-78D5D06D5E0A}.AppStore|iPhoneSimulator.Build.0 = Debug|Any CPU
		{4DC62E1E-F071-4147-9EFD-78D5D06D5E0A}.Debug|Any CPU.ActiveCfg = Debug|Any CPU
		{4DC62E1E-F071-4147-9EFD-78D5D06D5E0A}.Debug|Any CPU.Build.0 = Debug|Any CPU
		{4DC62E1E-F071-4147-9EFD-78D5D06D5E0A}.Debug|iPhone.ActiveCfg = Debug|Any CPU
		{4DC62E1E-F071-4147-9EFD-78D5D06D5E0A}.Debug|iPhone.Build.0 = Debug|Any CPU
		{4DC62E1E-F071-4147-9EFD-78D5D06D5E0A}.Debug|iPhoneSimulator.ActiveCfg = Debug|Any CPU
		{4DC62E1E-F071-4147-9EFD-78D5D06D5E0A}.Debug|iPhoneSimulator.Build.0 = Debug|Any CPU
		{4DC62E1E-F071-4147-9EFD-78D5D06D5E0A}.Release|Any CPU.ActiveCfg = Release|Any CPU
		{4DC62E1E-F071-4147-9EFD-78D5D06D5E0A}.Release|Any CPU.Build.0 = Release|Any CPU
		{4DC62E1E-F071-4147-9EFD-78D5D06D5E0A}.Release|iPhone.ActiveCfg = Release|Any CPU
		{4DC62E1E-F071-4147-9EFD-78D5D06D5E0A}.Release|iPhone.Build.0 = Release|Any CPU
		{4DC62E1E-F071-4147-9EFD-78D5D06D5E0A}.Release|iPhoneSimulator.ActiveCfg = Release|Any CPU
		{4DC62E1E-F071-4147-9EFD-78D5D06D5E0A}.Release|iPhoneSimulator.Build.0 = Release|Any CPU
		{D17EC992-BF78-4BFE-AACB-2E1A38A499F8}.Ad-Hoc|Any CPU.ActiveCfg = Release|Any CPU
		{D17EC992-BF78-4BFE-AACB-2E1A38A499F8}.Ad-Hoc|iPhone.ActiveCfg = Debug|Any CPU
		{D17EC992-BF78-4BFE-AACB-2E1A38A499F8}.Ad-Hoc|iPhone.Build.0 = Debug|Any CPU
		{D17EC992-BF78-4BFE-AACB-2E1A38A499F8}.Ad-Hoc|iPhoneSimulator.ActiveCfg = Release|Any CPU
		{D17EC992-BF78-4BFE-AACB-2E1A38A499F8}.AppStore|Any CPU.ActiveCfg = Release|Any CPU
		{D17EC992-BF78-4BFE-AACB-2E1A38A499F8}.AppStore|iPhone.ActiveCfg = Debug|Any CPU
		{D17EC992-BF78-4BFE-AACB-2E1A38A499F8}.AppStore|iPhone.Build.0 = Debug|Any CPU
		{D17EC992-BF78-4BFE-AACB-2E1A38A499F8}.AppStore|iPhoneSimulator.ActiveCfg = Release|Any CPU
		{D17EC992-BF78-4BFE-AACB-2E1A38A499F8}.Debug|Any CPU.ActiveCfg = Debug|Any CPU
		{D17EC992-BF78-4BFE-AACB-2E1A38A499F8}.Debug|Any CPU.Build.0 = Debug|Any CPU
		{D17EC992-BF78-4BFE-AACB-2E1A38A499F8}.Debug|iPhone.ActiveCfg = Debug|Any CPU
		{D17EC992-BF78-4BFE-AACB-2E1A38A499F8}.Debug|iPhone.Build.0 = Debug|Any CPU
		{D17EC992-BF78-4BFE-AACB-2E1A38A499F8}.Debug|iPhoneSimulator.ActiveCfg = Debug|Any CPU
		{D17EC992-BF78-4BFE-AACB-2E1A38A499F8}.Debug|iPhoneSimulator.Build.0 = Debug|Any CPU
		{D17EC992-BF78-4BFE-AACB-2E1A38A499F8}.Release|Any CPU.ActiveCfg = Release|Any CPU
		{D17EC992-BF78-4BFE-AACB-2E1A38A499F8}.Release|Any CPU.Build.0 = Release|Any CPU
		{D17EC992-BF78-4BFE-AACB-2E1A38A499F8}.Release|iPhone.ActiveCfg = Release|Any CPU
		{D17EC992-BF78-4BFE-AACB-2E1A38A499F8}.Release|iPhone.Build.0 = Release|Any CPU
		{D17EC992-BF78-4BFE-AACB-2E1A38A499F8}.Release|iPhoneSimulator.ActiveCfg = Release|Any CPU
		{D17EC992-BF78-4BFE-AACB-2E1A38A499F8}.Release|iPhoneSimulator.Build.0 = Release|Any CPU
	EndGlobalSection
	GlobalSection(SolutionProperties) = preSolution
		HideSolutionNode = FALSE
	EndGlobalSection
	GlobalSection(NestedProjects) = preSolution
		{D0A49A90-9968-4A18-B2C6-F36559B85C50} = {8049FDBA-8B8D-4C4E-A91A-AA6C393BDD91}
		{A2AA602C-302A-492B-99AB-FFC9CD300FE4} = {8049FDBA-8B8D-4C4E-A91A-AA6C393BDD91}
		{43030126-25D4-4F24-8A14-43420733C604} = {5797D35F-CCC3-42AD-9CB6-6632CDCEA126}
		{F83F2953-BE38-4E3C-97A2-8ACB0CF17A15} = {5797D35F-CCC3-42AD-9CB6-6632CDCEA126}
		{F74774E9-912D-4673-8A0B-F5E08626C4E5} = {5797D35F-CCC3-42AD-9CB6-6632CDCEA126}
		{4DC62E1E-F071-4147-9EFD-78D5D06D5E0A} = {8049FDBA-8B8D-4C4E-A91A-AA6C393BDD91}
		{D17EC992-BF78-4BFE-AACB-2E1A38A499F8} = {8049FDBA-8B8D-4C4E-A91A-AA6C393BDD91}
	EndGlobalSection
	GlobalSection(ExtensibilityGlobals) = postSolution
		SolutionGuid = {E290BD58-B5C6-465E-98C9-2198848845AA}
	EndGlobalSection
EndGlobal
